
Microsoft Visual Studio Solution File, Format Version 12.00
# Visual Studio 15
VisualStudioVersion = 15.0.26124.0
MinimumVisualStudioVersion = 15.0.26124.0
Project("{FAE04EC0-301F-11D3-BF4B-00C04F79EFBC}") = "DeviceClientWebApplication", "DeviceClientWebApplication\DeviceClientWebApplication.csproj", "{84590B9A-5893-4C0B-BD8F-390FBD354A7B}"
EndProject
Project("{FAE04EC0-301F-11D3-BF4B-00C04F79EFBC}") = "DeviceManagementClassLibrary", "DeviceManagementClassLibrary\DeviceManagementClassLibrary.csproj", "{91F3C43D-667E-44CA-B8D0-1A7D7C4C2A8B}"
EndProject
Project("{FAE04EC0-301F-11D3-BF4B-00C04F79EFBC}") = "DeviceTesting", "DeviceTesting\DeviceTesting.csproj", "{D21F0FF4-4943-4E6C-8E05-107FFB3A8498}"
EndProject
Global
	GlobalSection(SolutionConfigurationPlatforms) = preSolution
		Debug|Any CPU = Debug|Any CPU
		Debug|x64 = Debug|x64
		Debug|x86 = Debug|x86
		Release|Any CPU = Release|Any CPU
		Release|x64 = Release|x64
		Release|x86 = Release|x86
	EndGlobalSection
	GlobalSection(SolutionProperties) = preSolution
		HideSolutionNode = FALSE
	EndGlobalSection
	GlobalSection(ProjectConfigurationPlatforms) = postSolution
		{84590B9A-5893-4C0B-BD8F-390FBD354A7B}.Debug|Any CPU.ActiveCfg = Debug|Any CPU
		{84590B9A-5893-4C0B-BD8F-390FBD354A7B}.Debug|Any CPU.Build.0 = Debug|Any CPU
		{84590B9A-5893-4C0B-BD8F-390FBD354A7B}.Debug|x64.ActiveCfg = Debug|Any CPU
		{84590B9A-5893-4C0B-BD8F-390FBD354A7B}.Debug|x64.Build.0 = Debug|Any CPU
		{84590B9A-5893-4C0B-BD8F-390FBD354A7B}.Debug|x86.ActiveCfg = Debug|Any CPU
		{84590B9A-5893-4C0B-BD8F-390FBD354A7B}.Debug|x86.Build.0 = Debug|Any CPU
		{84590B9A-5893-4C0B-BD8F-390FBD354A7B}.Release|Any CPU.ActiveCfg = Release|Any CPU
		{84590B9A-5893-4C0B-BD8F-390FBD354A7B}.Release|Any CPU.Build.0 = Release|Any CPU
		{84590B9A-5893-4C0B-BD8F-390FBD354A7B}.Release|x64.ActiveCfg = Release|Any CPU
		{84590B9A-5893-4C0B-BD8F-390FBD354A7B}.Release|x64.Build.0 = Release|Any CPU
		{84590B9A-5893-4C0B-BD8F-390FBD354A7B}.Release|x86.ActiveCfg = Release|Any CPU
		{84590B9A-5893-4C0B-BD8F-390FBD354A7B}.Release|x86.Build.0 = Release|Any CPU
		{91F3C43D-667E-44CA-B8D0-1A7D7C4C2A8B}.Debug|Any CPU.ActiveCfg = Debug|Any CPU
		{91F3C43D-667E-44CA-B8D0-1A7D7C4C2A8B}.Debug|Any CPU.Build.0 = Debug|Any CPU
		{91F3C43D-667E-44CA-B8D0-1A7D7C4C2A8B}.Debug|x64.ActiveCfg = Debug|Any CPU
		{91F3C43D-667E-44CA-B8D0-1A7D7C4C2A8B}.Debug|x64.Build.0 = Debug|Any CPU
		{91F3C43D-667E-44CA-B8D0-1A7D7C4C2A8B}.Debug|x86.ActiveCfg = Debug|Any CPU
		{91F3C43D-667E-44CA-B8D0-1A7D7C4C2A8B}.Debug|x86.Build.0 = Debug|Any CPU
		{91F3C43D-667E-44CA-B8D0-1A7D7C4C2A8B}.Release|Any CPU.ActiveCfg = Release|Any CPU
		{91F3C43D-667E-44CA-B8D0-1A7D7C4C2A8B}.Release|Any CPU.Build.0 = Release|Any CPU
		{91F3C43D-667E-44CA-B8D0-1A7D7C4C2A8B}.Release|x64.ActiveCfg = Release|Any CPU
		{91F3C43D-667E-44CA-B8D0-1A7D7C4C2A8B}.Release|x64.Build.0 = Release|Any CPU
		{91F3C43D-667E-44CA-B8D0-1A7D7C4C2A8B}.Release|x86.ActiveCfg = Release|Any CPU
		{91F3C43D-667E-44CA-B8D0-1A7D7C4C2A8B}.Release|x86.Build.0 = Release|Any CPU
		{D21F0FF4-4943-4E6C-8E05-107FFB3A8498}.Debug|Any CPU.ActiveCfg = Debug|Any CPU
		{D21F0FF4-4943-4E6C-8E05-107FFB3A8498}.Debug|Any CPU.Build.0 = Debug|Any CPU
		{D21F0FF4-4943-4E6C-8E05-107FFB3A8498}.Debug|x64.ActiveCfg = Debug|Any CPU
		{D21F0FF4-4943-4E6C-8E05-107FFB3A8498}.Debug|x64.Build.0 = Debug|Any CPU
		{D21F0FF4-4943-4E6C-8E05-107FFB3A8498}.Debug|x86.ActiveCfg = Debug|Any CPU
		{D21F0FF4-4943-4E6C-8E05-107FFB3A8498}.Debug|x86.Build.0 = Debug|Any CPU
		{D21F0FF4-4943-4E6C-8E05-107FFB3A8498}.Release|Any CPU.ActiveCfg = Release|Any CPU
		{D21F0FF4-4943-4E6C-8E05-107FFB3A8498}.Release|Any CPU.Build.0 = Release|Any CPU
		{D21F0FF4-4943-4E6C-8E05-107FFB3A8498}.Release|x64.ActiveCfg = Release|Any CPU
		{D21F0FF4-4943-4E6C-8E05-107FFB3A8498}.Release|x64.Build.0 = Release|Any CPU
		{D21F0FF4-4943-4E6C-8E05-107FFB3A8498}.Release|x86.ActiveCfg = Release|Any CPU
		{D21F0FF4-4943-4E6C-8E05-107FFB3A8498}.Release|x86.Build.0 = Release|Any CPU
	EndGlobalSection
EndGlobal
